
Microsoft Visual Studio Solution File, Format Version 12.00
# Visual Studio Version 17
VisualStudioVersion = 17.2.32602.215
MinimumVisualStudioVersion = 10.0.40219.1
Project("{FAE04EC0-301F-11D3-BF4B-00C04F79EFBC}") = "PIM_IV", "PIM_IV.csproj", "{877FECFC-E6BD-4234-A096-ACFE4A5B6143}"
EndProject
Global
	GlobalSection(SolutionConfigurationPlatforms) = preSolution
		Debug|Any CPU = Debug|Any CPU
		Release|Any CPU = Release|Any CPU
	EndGlobalSection
	GlobalSection(ProjectConfigurationPlatforms) = postSolution
		{877FECFC-E6BD-4234-A096-ACFE4A5B6143}.Debug|Any CPU.ActiveCfg = Debug|Any CPU
		{877FECFC-E6BD-4234-A096-ACFE4A5B6143}.Debug|Any CPU.Build.0 = Debug|Any CPU
		{877FECFC-E6BD-4234-A096-ACFE4A5B6143}.Release|Any CPU.ActiveCfg = Release|Any CPU
		{877FECFC-E6BD-4234-A096-ACFE4A5B6143}.Release|Any CPU.Build.0 = Release|Any CPU
	EndGlobalSection
	GlobalSection(SolutionProperties) = preSolution
		HideSolutionNode = FALSE
	EndGlobalSection
	GlobalSection(ExtensibilityGlobals) = postSolution
		SolutionGuid = {4EB5CFF7-2A65-4286-89D9-85680139EF8D}
	EndGlobalSection
EndGlobal
